
Microsoft Visual Studio Solution File, Format Version 12.00
Project("{FAE04EC0-301F-11D3-BF4B-00C04F79EFBC}") = "VideoStore", "src\VideoStore\VideoStore.csproj", "{B0A5CBDF-B214-4CEC-903A-C9E4C250ABE3}"
EndProject
Project("{FAE04EC0-301F-11D3-BF4B-00C04F79EFBC}") = "VideoStore.Test", "tests\VideoStore.Test\VideoStore.Test.csproj", "{63736FFF-E624-4BEE-9F9F-B4353D6EBB6A}"
EndProject
Global
	GlobalSection(SolutionConfigurationPlatforms) = preSolution
		Debug|Any CPU = Debug|Any CPU
		Release|Any CPU = Release|Any CPU
	EndGlobalSection
	GlobalSection(ProjectConfigurationPlatforms) = postSolution
		{B0A5CBDF-B214-4CEC-903A-C9E4C250ABE3}.Debug|Any CPU.ActiveCfg = Debug|Any CPU
		{B0A5CBDF-B214-4CEC-903A-C9E4C250ABE3}.Debug|Any CPU.Build.0 = Debug|Any CPU
		{B0A5CBDF-B214-4CEC-903A-C9E4C250ABE3}.Release|Any CPU.ActiveCfg = Release|Any CPU
		{B0A5CBDF-B214-4CEC-903A-C9E4C250ABE3}.Release|Any CPU.Build.0 = Release|Any CPU
		{63736FFF-E624-4BEE-9F9F-B4353D6EBB6A}.Debug|Any CPU.ActiveCfg = Debug|Any CPU
		{63736FFF-E624-4BEE-9F9F-B4353D6EBB6A}.Debug|Any CPU.Build.0 = Debug|Any CPU
		{63736FFF-E624-4BEE-9F9F-B4353D6EBB6A}.Release|Any CPU.ActiveCfg = Release|Any CPU
		{63736FFF-E624-4BEE-9F9F-B4353D6EBB6A}.Release|Any CPU.Build.0 = Release|Any CPU
	EndGlobalSection
EndGlobal
